// !$*UTF8*$!
{
	archiveVersion = 1;
	classes = {
	};
	objectVersion = 50;
	objects = {

/* Begin PBXBuildFile section */
		8460D1A5221DD14C0055FCE9 /* Robot.swift in Sources */ = {isa = PBXBuildFile; fileRef = 8460D1A4221DD14C0055FCE9 /* Robot.swift */; };
		8460D1A7221DD4480055FCE9 /* Bendable.swift in Sources */ = {isa = PBXBuildFile; fileRef = 8460D1A6221DD4480055FCE9 /* Bendable.swift */; };
		8460D1A9221DDEF80055FCE9 /* Human.swift in Sources */ = {isa = PBXBuildFile; fileRef = 8460D1A8221DDEF80055FCE9 /* Human.swift */; };
		846B6ED8220B610F0074C2D8 /* AppDelegate.swift in Sources */ = {isa = PBXBuildFile; fileRef = 846B6ED7220B610F0074C2D8 /* AppDelegate.swift */; };
		846B6EDA220B610F0074C2D8 /* ViewController.swift in Sources */ = {isa = PBXBuildFile; fileRef = 846B6ED9220B610F0074C2D8 /* ViewController.swift */; };
		846B6EDD220B610F0074C2D8 /* Main.storyboard in Resources */ = {isa = PBXBuildFile; fileRef = 846B6EDB220B610F0074C2D8 /* Main.storyboard */; };
		846B6EDF220B61110074C2D8 /* Assets.xcassets in Resources */ = {isa = PBXBuildFile; fileRef = 846B6EDE220B61110074C2D8 /* Assets.xcassets */; };
		846B6EE2220B61110074C2D8 /* LaunchScreen.storyboard in Resources */ = {isa = PBXBuildFile; fileRef = 846B6EE0220B61110074C2D8 /* LaunchScreen.storyboard */; };
		8478FA5022196F5500794EB8 /* CustomQueue.swift in Sources */ = {isa = PBXBuildFile; fileRef = 8478FA4F22196F5500794EB8 /* CustomQueue.swift */; };
		8478FA522219876000794EB8 /* Cars.swift in Sources */ = {isa = PBXBuildFile; fileRef = 8478FA512219876000794EB8 /* Cars.swift */; };
/* End PBXBuildFile section */

/* Begin PBXFileReference section */
		8460D1A4221DD14C0055FCE9 /* Robot.swift */ = {isa = PBXFileReference; lastKnownFileType = sourcecode.swift; path = Robot.swift; sourceTree = "<group>"; };
		8460D1A6221DD4480055FCE9 /* Bendable.swift */ = {isa = PBXFileReference; lastKnownFileType = sourcecode.swift; path = Bendable.swift; sourceTree = "<group>"; };
		8460D1A8221DDEF80055FCE9 /* Human.swift */ = {isa = PBXFileReference; lastKnownFileType = sourcecode.swift; path = Human.swift; sourceTree = "<group>"; };
		846B6ED4220B610F0074C2D8 /* Swift-learning.app */ = {isa = PBXFileReference; explicitFileType = wrapper.application; includeInIndex = 0; path = "Swift-learning.app"; sourceTree = BUILT_PRODUCTS_DIR; };
		846B6ED7220B610F0074C2D8 /* AppDelegate.swift */ = {isa = PBXFileReference; lastKnownFileType = sourcecode.swift; path = AppDelegate.swift; sourceTree = "<group>"; };
		846B6ED9220B610F0074C2D8 /* ViewController.swift */ = {isa = PBXFileReference; lastKnownFileType = sourcecode.swift; path = ViewController.swift; sourceTree = "<group>"; };
		846B6EDC220B610F0074C2D8 /* Base */ = {isa = PBXFileReference; lastKnownFileType = file.storyboard; name = Base; path = Base.lproj/Main.storyboard; sourceTree = "<group>"; };
		846B6EDE220B61110074C2D8 /* Assets.xcassets */ = {isa = PBXFileReference; lastKnownFileType = folder.assetcatalog; path = Assets.xcassets; sourceTree = "<group>"; };
		846B6EE1220B61110074C2D8 /* Base */ = {isa = PBXFileReference; lastKnownFileType = file.storyboard; name = Base; path = Base.lproj/LaunchScreen.storyboard; sourceTree = "<group>"; };
		846B6EE3220B61110074C2D8 /* Info.plist */ = {isa = PBXFileReference; lastKnownFileType = text.plist.xml; path = Info.plist; sourceTree = "<group>"; };
		8478FA4F22196F5500794EB8 /* CustomQueue.swift */ = {isa = PBXFileReference; lastKnownFileType = sourcecode.swift; path = CustomQueue.swift; sourceTree = "<group>"; };
		8478FA512219876000794EB8 /* Cars.swift */ = {isa = PBXFileReference; lastKnownFileType = sourcecode.swift; path = Cars.swift; sourceTree = "<group>"; };
/* End PBXFileReference section */

/* Begin PBXFrameworksBuildPhase section */
		846B6ED1220B610F0074C2D8 /* Frameworks */ = {
			isa = PBXFrameworksBuildPhase;
			buildActionMask = 2147483647;
			files = (
			);
			runOnlyForDeploymentPostprocessing = 0;
		};
/* End PBXFrameworksBuildPhase section */

/* Begin PBXGroup section */
		846B6ECB220B610E0074C2D8 = {
			isa = PBXGroup;
			children = (
				846B6ED6220B610F0074C2D8 /* Swift-learning */,
				846B6ED5220B610F0074C2D8 /* Products */,
			);
			sourceTree = "<group>";
		};
		846B6ED5220B610F0074C2D8 /* Products */ = {
			isa = PBXGroup;
			children = (
				846B6ED4220B610F0074C2D8 /* Swift-learning.app */,
			);
			name = Products;
			sourceTree = "<group>";
		};
		846B6ED6220B610F0074C2D8 /* Swift-learning */ = {
			isa = PBXGroup;
			children = (
				846B6ED9220B610F0074C2D8 /* ViewController.swift */,
				8478FA512219876000794EB8 /* Cars.swift */,
				8478FA4F22196F5500794EB8 /* CustomQueue.swift */,
				846B6EDB220B610F0074C2D8 /* Main.storyboard */,
				8460D1A4221DD14C0055FCE9 /* Robot.swift */,
				8460D1A8221DDEF80055FCE9 /* Human.swift */,
				8460D1A6221DD4480055FCE9 /* Bendable.swift */,
				846B6EE3220B61110074C2D8 /* Info.plist */,
				8478FA532219878100794EB8 /* Supporting Files */,
			);
			path = "Swift-learning";
			sourceTree = "<group>";
		};
		8478FA532219878100794EB8 /* Supporting Files */ = {
			isa = PBXGroup;
			children = (
				846B6EDE220B61110074C2D8 /* Assets.xcassets */,
				846B6ED7220B610F0074C2D8 /* AppDelegate.swift */,
				846B6EE0220B61110074C2D8 /* LaunchScreen.storyboard */,
			);
			path = "Supporting Files";
			sourceTree = "<group>";
		};
/* End PBXGroup section */

/* Begin PBXNativeTarget section */
		846B6ED3220B610F0074C2D8 /* Swift-learning */ = {
			isa = PBXNativeTarget;
			buildConfigurationList = 846B6EE6220B61110074C2D8 /* Build configuration list for PBXNativeTarget "Swift-learning" */;
			buildPhases = (
				846B6ED0220B610F0074C2D8 /* Sources */,
				846B6ED1220B610F0074C2D8 /* Frameworks */,
				846B6ED2220B610F0074C2D8 /* Resources */,
			);
			buildRules = (
			);
			dependencies = (
			);
			name = "Swift-learning";
			productName = "Swift-learning";
			productReference = 846B6ED4220B610F0074C2D8 /* Swift-learning.app */;
			productType = "com.apple.product-type.application";
		};
/* End PBXNativeTarget section */

/* Begin PBXProject section */
		846B6ECC220B610F0074C2D8 /* Project object */ = {
			isa = PBXProject;
			attributes = {
				LastSwiftUpdateCheck = 1010;
				LastUpgradeCheck = 1010;
				ORGANIZATIONNAME = "Roman Kuzin";
				TargetAttributes = {
					846B6ED3220B610F0074C2D8 = {
						CreatedOnToolsVersion = 10.1;
					};
				};
			};
			buildConfigurationList = 846B6ECF220B610F0074C2D8 /* Build configuration list for PBXProject "Swift-learning" */;
			compatibilityVersion = "Xcode 9.3";
			developmentRegion = en;
			hasScannedForEncodings = 0;
			knownRegions = (
				en,
				Base,
			);
			mainGroup = 846B6ECB220B610E0074C2D8;
			productRefGroup = 846B6ED5220B610F0074C2D8 /* Products */;
			projectDirPath = "";
			projectRoot = "";
			targets = (
				846B6ED3220B610F0074C2D8 /* Swift-learning */,
			);
		};
/* End PBXProject section */

/* Begin PBXResourcesBuildPhase section */
		846B6ED2220B610F0074C2D8 /* Resources */ = {
			isa = PBXResourcesBuildPhase;
			buildActionMask = 2147483647;
			files = (
				846B6EE2220B61110074C2D8 /* LaunchScreen.storyboard in Resources */,
				846B6EDF220B61110074C2D8 /* Assets.xcassets in Resources */,
				846B6EDD220B610F0074C2D8 /* Main.storyboard in Resources */,
			);
			runOnlyForDeploymentPostprocessing = 0;
		};
/* End PBXResourcesBuildPhase section */

/* Begin PBXSourcesBuildPhase section */
		846B6ED0220B610F0074C2D8 /* Sources */ = {
			isa = PBXSourcesBuildPhase;
			buildActionMask = 2147483647;
			files = (
				8460D1A7221DD4480055FCE9 /* Bendable.swift in Sources */,
				8460D1A9221DDEF80055FCE9 /* Human.swift in Sources */,
				8460D1A5221DD14C0055FCE9 /* Robot.swift in Sources */,
				8478FA5022196F5500794EB8 /* CustomQueue.swift in Sources */,
				846B6EDA220B610F0074C2D8 /* ViewController.swift in Sources */,
				8478FA522219876000794EB8 /* Cars.swift in Sources */,
				846B6ED8220B610F0074C2D8 /* AppDelegate.swift in Sources */,
			);
			runOnlyForDeploymentPostprocessing = 0;
		};
/* End PBXSourcesBuildPhase section */

/* Begin PBXVariantGroup section */
		846B6EDB220B610F0074C2D8 /* Main.storyboard */ = {
			isa = PBXVariantGroup;
			children = (
				846B6EDC220B610F0074C2D8 /* Base */,
			);
			name = Main.storyboard;
			sourceTree = "<group>";
		};
		846B6EE0220B61110074C2D8 /* LaunchScreen.storyboard */ = {
			isa = PBXVariantGroup;
			children = (
				846B6EE1220B61110074C2D8 /* Base */,
			);
			name = LaunchScreen.storyboard;
			sourceTree = "<group>";
		};
/* End PBXVariantGroup section */

/* Begin XCBuildConfiguration section */
		846B6EE4220B61110074C2D8 /* Debug */ = {
			isa = XCBuildConfiguration;
			buildSettings = {
				ALWAYS_SEARCH_USER_PATHS = NO;
				CLANG_ANALYZER_NONNULL = YES;
				CLANG_ANALYZER_NUMBER_OBJECT_CONVERSION = YES_AGGRESSIVE;
				CLANG_CXX_LANGUAGE_STANDARD = "gnu++14";
				CLANG_CXX_LIBRARY = "libc++";
				CLANG_ENABLE_MODULES = YES;
				CLANG_ENABLE_OBJC_ARC = YES;
				CLANG_ENABLE_OBJC_WEAK = YES;
				CLANG_WARN_BLOCK_CAPTURE_AUTORELEASING = YES;
				CLANG_WARN_BOOL_CONVERSION = YES;
				CLANG_WARN_COMMA = YES;
				CLANG_WARN_CONSTANT_CONVERSION = YES;
				CLANG_WARN_DEPRECATED_OBJC_IMPLEMENTATIONS = YES;
				CLANG_WARN_DIRECT_OBJC_ISA_USAGE = YES_ERROR;
				CLANG_WARN_DOCUMENTATION_COMMENTS = YES;
				CLANG_WARN_EMPTY_BODY = YES;
				CLANG_WARN_ENUM_CONVERSION = YES;
				CLANG_WARN_INFINITE_RECURSION = YES;
				CLANG_WARN_INT_CONVERSION = YES;
				CLANG_WARN_NON_LITERAL_NULL_CONVERSION = YES;
				CLANG_WARN_OBJC_IMPLICIT_RETAIN_SELF = YES;
				CLANG_WARN_OBJC_LITERAL_CONVERSION = YES;
				CLANG_WARN_OBJC_ROOT_CLASS = YES_ERROR;
				CLANG_WARN_RANGE_LOOP_ANALYSIS = YES;
				CLANG_WARN_STRICT_PROTOTYPES = YES;
				CLANG_WARN_SUSPICIOUS_MOVE = YES;
				CLANG_WARN_UNGUARDED_AVAILABILITY = YES_AGGRESSIVE;
				CLANG_WARN_UNREACHABLE_CODE = YES;
				CLANG_WARN__DUPLICATE_METHOD_MATCH = YES;
				CODE_SIGN_IDENTITY = "iPhone Developer";
				COPY_PHASE_STRIP = NO;
				DEBUG_INFORMATION_FORMAT = dwarf;
				ENABLE_STRICT_OBJC_MSGSEND = YES;
				ENABLE_TESTABILITY = YES;
				GCC_C_LANGUAGE_STANDARD = gnu11;
				GCC_DYNAMIC_NO_PIC = NO;
				GCC_NO_COMMON_BLOCKS = YES;
				GCC_OPTIMIZATION_LEVEL = 0;
				GCC_PREPROCESSOR_DEFINITIONS = (
					"DEBUG=1",
					"$(inherited)",
				);
				GCC_WARN_64_TO_32_BIT_CONVERSION = YES;
				GCC_WARN_ABOUT_RETURN_TYPE = YES_ERROR;
				GCC_WARN_UNDECLARED_SELECTOR = YES;
				GCC_WARN_UNINITIALIZED_AUTOS = YES_AGGRESSIVE;
				GCC_WARN_UNUSED_FUNCTION = YES;
				GCC_WARN_UNUSED_VARIABLE = YES;
				IPHONEOS_DEPLOYMENT_TARGET = 12.1;
				MTL_ENABLE_DEBUG_INFO = INCLUDE_SOURCE;
				MTL_FAST_MATH = YES;
				ONLY_ACTIVE_ARCH = YES;
				SDKROOT = iphoneos;
				SWIFT_ACTIVE_COMPILATION_CONDITIONS = DEBUG;
				SWIFT_OPTIMIZATION_LEVEL = "-Onone";
			};
			name = Debug;
		};
		846B6EE5220B61110074C2D8 /* Release */ = {
			isa = XCBuildConfiguration;
			buildSettings = {
				ALWAYS_SEARCH_USER_PATHS = NO;
				CLANG_ANALYZER_NONNULL = YES;
				CLANG_ANALYZER_NUMBER_OBJECT_CONVERSION = YES_AGGRESSIVE;
				CLANG_CXX_LANGUAGE_STANDARD = "gnu++14";
				CLANG_CXX_LIBRARY = "libc++";
				CLANG_ENABLE_MODULES = YES;
				CLANG_ENABLE_OBJC_ARC = YES;
				CLANG_ENABLE_OBJC_WEAK = YES;
				CLANG_WARN_BLOCK_CAPTURE_AUTORELEASING = YES;
				CLANG_WARN_BOOL_CONVERSION = YES;
				CLANG_WARN_COMMA = YES;
				CLANG_WARN_CONSTANT_CONVERSION = YES;
				CLANG_WARN_DEPRECATED_OBJC_IMPLEMENTATIONS = YES;
				CLANG_WARN_DIRECT_OBJC_ISA_USAGE = YES_ERROR;
				CLANG_WARN_DOCUMENTATION_COMMENTS = YES;
				CLANG_WARN_EMPTY_BODY = YES;
				CLANG_WARN_ENUM_CONVERSION = YES;
				CLANG_WARN_INFINITE_RECURSION = YES;
				CLANG_WARN_INT_CONVERSION = YES;
				CLANG_WARN_NON_LITERAL_NULL_CONVERSION = YES;
				CLANG_WARN_OBJC_IMPLICIT_RETAIN_SELF = YES;
				CLANG_WARN_OBJC_LITERAL_CONVERSION = YES;
				CLANG_WARN_OBJC_ROOT_CLASS = YES_ERROR;
				CLANG_WARN_RANGE_LOOP_ANALYSIS = YES;
				CLANG_WARN_STRICT_PROTOTYPES = YES;
				CLANG_WARN_SUSPICIOUS_MOVE = YES;
				CLANG_WARN_UNGUARDED_AVAILABILITY = YES_AGGRESSIVE;
				CLANG_WARN_UNREACHABLE_CODE = YES;
				CLANG_WARN__DUPLICATE_METHOD_MATCH = YES;
				CODE_SIGN_IDENTITY = "iPhone Developer";
				COPY_PHASE_STRIP = NO;
				DEBUG_INFORMATION_FORMAT = "dwarf-with-dsym";
				ENABLE_NS_ASSERTIONS = NO;
				ENABLE_STRICT_OBJC_MSGSEND = YES;
				GCC_C_LANGUAGE_STANDARD = gnu11;
				GCC_NO_COMMON_BLOCKS = YES;
				GCC_WARN_64_TO_32_BIT_CONVERSION = YES;
				GCC_WARN_ABOUT_RETURN_TYPE = YES_ERROR;
				GCC_WARN_UNDECLARED_SELECTOR = YES;
				GCC_WARN_UNINITIALIZED_AUTOS = YES_AGGRESSIVE;
				GCC_WARN_UNUSED_FUNCTION = YES;
				GCC_WARN_UNUSED_VARIABLE = YES;
				IPHONEOS_DEPLOYMENT_TARGET = 12.1;
				MTL_ENABLE_DEBUG_INFO = NO;
				MTL_FAST_MATH = YES;
				SDKROOT = iphoneos;
				SWIFT_COMPILATION_MODE = wholemodule;
				SWIFT_OPTIMIZATION_LEVEL = "-O";
				VALIDATE_PRODUCT = YES;
			};
			name = Release;
		};
		846B6EE7220B61110074C2D8 /* Debug */ = {
			isa = XCBuildConfiguration;
			buildSettings = {
				ASSETCATALOG_COMPILER_APPICON_NAME = AppIcon;
				CODE_SIGN_STYLE = Automatic;
				DEVELOPMENT_TEAM = 278LBPAGN9;
				INFOPLIST_FILE = "Swift-learning/Info.plist";
				LD_RUNPATH_SEARCH_PATHS = (
					"$(inherited)",
					"@executable_path/Frameworks",
				);
				PRODUCT_BUNDLE_IDENTIFIER = "Roman-Kuzin.Swift-learning";
				PRODUCT_NAME = "$(TARGET_NAME)";
				SWIFT_VERSION = 4.2;
				TARGETED_DEVICE_FAMILY = "1,2";
			};
			name = Debug;
		};
		846B6EE8220B61110074C2D8 /* Release */ = {
			isa = XCBuildConfiguration;
			buildSettings = {
				ASSETCATALOG_COMPILER_APPICON_NAME = AppIcon;
				CODE_SIGN_STYLE = Automatic;
				DEVELOPMENT_TEAM = 278LBPAGN9;
				INFOPLIST_FILE = "Swift-learning/Info.plist";
				LD_RUNPATH_SEARCH_PATHS = (
					"$(inherited)",
					"@executable_path/Frameworks",
				);
				PRODUCT_BUNDLE_IDENTIFIER = "Roman-Kuzin.Swift-learning";
				PRODUCT_NAME = "$(TARGET_NAME)";
				SWIFT_VERSION = 4.2;
				TARGETED_DEVICE_FAMILY = "1,2";
			};
			name = Release;
		};
/* End XCBuildConfiguration section */

/* Begin XCConfigurationList section */
		846B6ECF220B610F0074C2D8 /* Build configuration list for PBXProject "Swift-learning" */ = {
			isa = XCConfigurationList;
			buildConfigurations = (
				846B6EE4220B61110074C2D8 /* Debug */,
				846B6EE5220B61110074C2D8 /* Release */,
			);
			defaultConfigurationIsVisible = 0;
			defaultConfigurationName = Release;
		};
		846B6EE6220B61110074C2D8 /* Build configuration list for PBXNativeTarget "Swift-learning" */ = {
			isa = XCConfigurationList;
			buildConfigurations = (
				846B6EE7220B61110074C2D8 /* Debug */,
				846B6EE8220B61110074C2D8 /* Release */,
			);
			defaultConfigurationIsVisible = 0;
			defaultConfigurationName = Release;
		};
/* End XCConfigurationList section */
	};
	rootObject = 846B6ECC220B610F0074C2D8 /* Project object */;
}
